
Microsoft Visual Studio Solution File, Format Version 12.00
# Visual Studio 15
VisualStudioVersion = 15.0.26730.16
MinimumVisualStudioVersion = 10.0.40219.1
Project("{FAE04EC0-301F-11D3-BF4B-00C04F79EFBC}") = "Morpher.WebService.V3.Client", "Morpher.WebService.V3.Client\Morpher.WebService.V3.Client.csproj", "{5389FE48-3877-4433-A34B-D70C9826587C}"
EndProject
Project("{FAE04EC0-301F-11D3-BF4B-00C04F79EFBC}") = "Morpher.WebService.V3.Client.Samples", "Morpher.WebService.V3.Client.Samples\Morpher.WebService.V3.Client.Samples.csproj", "{99BA153D-E970-4BF2-8093-0357328B48C2}"
EndProject
Project("{FAE04EC0-301F-11D3-BF4B-00C04F79EFBC}") = "Morpher.WebService.V3.Client.UnitTests", "Morpher.WebService.V3.Client.UnitTests\Morpher.WebService.V3.Client.UnitTests.csproj", "{89964337-10FB-40B6-8DCC-0ECFE60B8E53}"
EndProject
Global
	GlobalSection(SolutionConfigurationPlatforms) = preSolution
		Debug|Any CPU = Debug|Any CPU
		Release|Any CPU = Release|Any CPU
	EndGlobalSection
	GlobalSection(ProjectConfigurationPlatforms) = postSolution
		{5389FE48-3877-4433-A34B-D70C9826587C}.Debug|Any CPU.ActiveCfg = Debug|Any CPU
		{5389FE48-3877-4433-A34B-D70C9826587C}.Debug|Any CPU.Build.0 = Debug|Any CPU
		{5389FE48-3877-4433-A34B-D70C9826587C}.Release|Any CPU.ActiveCfg = Release|Any CPU
		{5389FE48-3877-4433-A34B-D70C9826587C}.Release|Any CPU.Build.0 = Release|Any CPU
		{99BA153D-E970-4BF2-8093-0357328B48C2}.Debug|Any CPU.ActiveCfg = Debug|Any CPU
		{99BA153D-E970-4BF2-8093-0357328B48C2}.Debug|Any CPU.Build.0 = Debug|Any CPU
		{99BA153D-E970-4BF2-8093-0357328B48C2}.Release|Any CPU.ActiveCfg = Release|Any CPU
		{99BA153D-E970-4BF2-8093-0357328B48C2}.Release|Any CPU.Build.0 = Release|Any CPU
		{89964337-10FB-40B6-8DCC-0ECFE60B8E53}.Debug|Any CPU.ActiveCfg = Debug|Any CPU
		{89964337-10FB-40B6-8DCC-0ECFE60B8E53}.Debug|Any CPU.Build.0 = Debug|Any CPU
		{89964337-10FB-40B6-8DCC-0ECFE60B8E53}.Release|Any CPU.ActiveCfg = Release|Any CPU
		{89964337-10FB-40B6-8DCC-0ECFE60B8E53}.Release|Any CPU.Build.0 = Release|Any CPU
	EndGlobalSection
	GlobalSection(SolutionProperties) = preSolution
		HideSolutionNode = FALSE
	EndGlobalSection
	GlobalSection(ExtensibilityGlobals) = postSolution
		SolutionGuid = {383E885A-ACA7-4A26-BA24-C21D7B43AB55}
	EndGlobalSection
EndGlobal
